
Microsoft Visual Studio Solution File, Format Version 12.00
# Visual Studio Version 17
VisualStudioVersion = 17.4.32804.182
MinimumVisualStudioVersion = 10.0.40219.1
Project("{9A19103F-16F7-4668-BE54-9A1E7A4F7556}") = "BahaHcaptcha", "src\BahaHcaptcha.csproj", "{B5D6DE46-44E6-490D-BFD5-F8DD9140B86B}"
EndProject
Project("{2150E333-8FDC-42A3-9474-1A3956D46DE8}") = "解决方案项", "解决方案项", "{95A4E571-B941-4056-B73F-B0CD01D2489D}"
	ProjectSection(SolutionItems) = preProject
		Charles Settings.xml = Charles Settings.xml
		publish.ps1 = publish.ps1
		README.txt = README.txt
		SearchReplace.txt = SearchReplace.txt
	EndProjectSection
EndProject
Global
	GlobalSection(SolutionConfigurationPlatforms) = preSolution
		Debug|Any CPU = Debug|Any CPU
		Release|Any CPU = Release|Any CPU
	EndGlobalSection
	GlobalSection(ProjectConfigurationPlatforms) = postSolution
		{B5D6DE46-44E6-490D-BFD5-F8DD9140B86B}.Debug|Any CPU.ActiveCfg = Debug|Any CPU
		{B5D6DE46-44E6-490D-BFD5-F8DD9140B86B}.Debug|Any CPU.Build.0 = Debug|Any CPU
		{B5D6DE46-44E6-490D-BFD5-F8DD9140B86B}.Release|Any CPU.ActiveCfg = Release|Any CPU
		{B5D6DE46-44E6-490D-BFD5-F8DD9140B86B}.Release|Any CPU.Build.0 = Release|Any CPU
	EndGlobalSection
	GlobalSection(SolutionProperties) = preSolution
		HideSolutionNode = FALSE
	EndGlobalSection
	GlobalSection(ExtensibilityGlobals) = postSolution
		SolutionGuid = {5212977F-D229-4AE7-A244-E572D3E89A16}
	EndGlobalSection
EndGlobal
